Microsoft Visual Studio Solution File, Format Version 12.00
# Visual Studio Version 16
VisualStudioVersion = 16.0.0.0
MinimumVisualStudioVersion = 16.0.0.0
Project("{9A19103F-16F7-4668-BE54-9A1E7A4F7556}") = "QuHWBlazorWasmJwtUse.Server", "Server\QuHWBlazorWasmJwtUse.Server.csproj", "{BEEB1DBE-CE8D-4B60-B0C2-4C7DF9662904}"
EndProject
Project("{9A19103F-16F7-4668-BE54-9A1E7A4F7556}") = "QuHWBlazorWasmJwtUse.Client", "Client\QuHWBlazorWasmJwtUse.Client.csproj", "{2F97F04B-3239-48D6-A5AA-41C559721087}"
EndProject
Project("{9A19103F-16F7-4668-BE54-9A1E7A4F7556}") = "QuHWBlazorWasmJwtUse.Shared", "Shared\QuHWBlazorWasmJwtUse.Shared.csproj", "{2177247A-F711-40B4-B554-F1B16A822416}"
EndProject
Global
	GlobalSection(SolutionConfigurationPlatforms) = preSolution
		Debug|Any CPU = Debug|Any CPU
		Debug|x64 = Debug|x64
		Debug|x86 = Debug|x86
		Release|Any CPU = Release|Any CPU
		Release|x64 = Release|x64
		Release|x86 = Release|x86
	EndGlobalSection
	GlobalSection(ProjectConfigurationPlatforms) = postSolution
		{2F97F04B-3239-48D6-A5AA-41C559721087}.Debug|Any CPU.ActiveCfg = Debug|Any CPU
		{2F97F04B-3239-48D6-A5AA-41C559721087}.Debug|Any CPU.Build.0 = Debug|Any CPU
		{2F97F04B-3239-48D6-A5AA-41C559721087}.Debug|x64.ActiveCfg = Debug|Any CPU
		{2F97F04B-3239-48D6-A5AA-41C559721087}.Debug|x64.Build.0 = Debug|Any CPU
		{2F97F04B-3239-48D6-A5AA-41C559721087}.Debug|x86.ActiveCfg = Debug|Any CPU
		{2F97F04B-3239-48D6-A5AA-41C559721087}.Debug|x86.Build.0 = Debug|Any CPU
		{2F97F04B-3239-48D6-A5AA-41C559721087}.Release|Any CPU.ActiveCfg = Release|Any CPU
		{2F97F04B-3239-48D6-A5AA-41C559721087}.Release|Any CPU.Build.0 = Release|Any CPU
		{2F97F04B-3239-48D6-A5AA-41C559721087}.Release|x64.ActiveCfg = Release|Any CPU
		{2F97F04B-3239-48D6-A5AA-41C559721087}.Release|x64.Build.0 = Release|Any CPU
		{2F97F04B-3239-48D6-A5AA-41C559721087}.Release|x86.ActiveCfg = Release|Any CPU
		{2F97F04B-3239-48D6-A5AA-41C559721087}.Release|x86.Build.0 = Release|Any CPU
		{BEEB1DBE-CE8D-4B60-B0C2-4C7DF9662904}.Debug|Any CPU.ActiveCfg = Debug|Any CPU
		{BEEB1DBE-CE8D-4B60-B0C2-4C7DF9662904}.Debug|Any CPU.Build.0 = Debug|Any CPU
		{BEEB1DBE-CE8D-4B60-B0C2-4C7DF9662904}.Debug|x64.ActiveCfg = Debug|Any CPU
		{BEEB1DBE-CE8D-4B60-B0C2-4C7DF9662904}.Debug|x64.Build.0 = Debug|Any CPU
		{BEEB1DBE-CE8D-4B60-B0C2-4C7DF9662904}.Debug|x86.ActiveCfg = Debug|Any CPU
		{BEEB1DBE-CE8D-4B60-B0C2-4C7DF9662904}.Debug|x86.Build.0 = Debug|Any CPU
		{BEEB1DBE-CE8D-4B60-B0C2-4C7DF9662904}.Release|Any CPU.ActiveCfg = Release|Any CPU
		{BEEB1DBE-CE8D-4B60-B0C2-4C7DF9662904}.Release|Any CPU.Build.0 = Release|Any CPU
		{BEEB1DBE-CE8D-4B60-B0C2-4C7DF9662904}.Release|x64.ActiveCfg = Release|Any CPU
		{BEEB1DBE-CE8D-4B60-B0C2-4C7DF9662904}.Release|x64.Build.0 = Release|Any CPU
		{BEEB1DBE-CE8D-4B60-B0C2-4C7DF9662904}.Release|x86.ActiveCfg = Release|Any CPU
		{BEEB1DBE-CE8D-4B60-B0C2-4C7DF9662904}.Release|x86.Build.0 = Release|Any CPU
		{2177247A-F711-40B4-B554-F1B16A822416}.Debug|Any CPU.ActiveCfg = Debug|Any CPU
		{2177247A-F711-40B4-B554-F1B16A822416}.Debug|Any CPU.Build.0 = Debug|Any CPU
		{2177247A-F711-40B4-B554-F1B16A822416}.Debug|x64.ActiveCfg = Debug|Any CPU
		{2177247A-F711-40B4-B554-F1B16A822416}.Debug|x64.Build.0 = Debug|Any CPU
		{2177247A-F711-40B4-B554-F1B16A822416}.Debug|x86.ActiveCfg = Debug|Any CPU
		{2177247A-F711-40B4-B554-F1B16A822416}.Debug|x86.Build.0 = Debug|Any CPU
		{2177247A-F711-40B4-B554-F1B16A822416}.Release|Any CPU.ActiveCfg = Release|Any CPU
		{2177247A-F711-40B4-B554-F1B16A822416}.Release|Any CPU.Build.0 = Release|Any CPU
		{2177247A-F711-40B4-B554-F1B16A822416}.Release|x64.ActiveCfg = Release|Any CPU
		{2177247A-F711-40B4-B554-F1B16A822416}.Release|x64.Build.0 = Release|Any CPU
		{2177247A-F711-40B4-B554-F1B16A822416}.Release|x86.ActiveCfg = Release|Any CPU
		{2177247A-F711-40B4-B554-F1B16A822416}.Release|x86.Build.0 = Release|Any CPU
	EndGlobalSection
	GlobalSection(SolutionProperties) = preSolution
		HideSolutionNode = FALSE
	EndGlobalSection
	GlobalSection(ExtensibilityGlobals) = postSolution
		SolutionGuid = {98070EF6-9AB7-45EA-A14F-A9A6E4545FE1}
	EndGlobalSection
EndGlobal